
Microsoft Visual Studio Solution File, Format Version 12.00
# Visual Studio Version 16
VisualStudioVersion = 16.0.29613.14
MinimumVisualStudioVersion = 10.0.40219.1
Project("{FAE04EC0-301F-11D3-BF4B-00C04F79EFBC}") = "EmployeesControl", "EmployeesControl.csproj", "{3F482FEF-D587-416A-B2CC-504A5C15F8DA}"
EndProject
Global
	GlobalSection(SolutionConfigurationPlatforms) = preSolution
		Debug|Any CPU = Debug|Any CPU
		Release|Any CPU = Release|Any CPU
	EndGlobalSection
	GlobalSection(ProjectConfigurationPlatforms) = postSolution
		{3F482FEF-D587-416A-B2CC-504A5C15F8DA}.Debug|Any CPU.ActiveCfg = Debug|Any CPU
		{3F482FEF-D587-416A-B2CC-504A5C15F8DA}.Debug|Any CPU.Build.0 = Debug|Any CPU
		{3F482FEF-D587-416A-B2CC-504A5C15F8DA}.Release|Any CPU.ActiveCfg = Release|Any CPU
		{3F482FEF-D587-416A-B2CC-504A5C15F8DA}.Release|Any CPU.Build.0 = Release|Any CPU
	EndGlobalSection
	GlobalSection(SolutionProperties) = preSolution
		HideSolutionNode = FALSE
	EndGlobalSection
	GlobalSection(ExtensibilityGlobals) = postSolution
		SolutionGuid = {8F6AF49C-D6F2-4264-8214-043DB8AECD2C}
	EndGlobalSection
EndGlobal
